github.com/davecgh/go-spew v1.1.1 h1:vj9j/u1bqnvCEfJOwUGvLyYrTBid2y7zZ4zryA+Rs=
github.com/davecgh/go-spew v1.1.1/go.mod h1:JR7lJH9/L2uc7G2GKlNHPiUpY2QDowndr8ItFc0y64=
github.com/emicklei/go-restful/v3 v3.11.0 h1:RqntBy9Ws4yXVSQvJRLuVQFnuTp54fdcSaX/ZPsTuvg=
github.com/emicklei/go-restful/v3 v3.11.0/go.mod h1:6la62UsYdMmzNXl9xGeX531+c7j5L+cpmHYvZ3VLU0=
github.com/fxamacker/cbor/v2 v2.7.0 h1:eQ0//NIF+Vjvz6r5rc5ZZHH4u2K4DBmF0gDdPITBH0k=
github.com/fxamacker/cbor/v2 v2.7.0/go.mod h1:pxfdxuNsxKLdFCk4sn6AunoIBNPnlkVwpP5yfMg4D1s=
github.com/go-logr/logr v1.4.2 h1:6pFj7gikO1enN2YJt1f5RJG3a2yLo9aE2yIiKlEQGY=
github.com/go-logr/logr v1.4.2/go.mod h1:9T9PSYLOujzTCkL4G5PS4CPSo8SgANVG9v6MT4lhZkM=
github.com/go-openapi/jsonpointer v0.21.0 h1:RsXfOdEE2uoSx7CmWM4YvsX8uKwm0M2xHUV2UGvYqBE=
github.com/go-openapi/jsonpointer v0.21.0/go.mod h1:WAqHw7rthc9cbS3spZqWNFxTjvL2UwGYvCjZWEkYfqs=
github.com/go-openapi/jsonreference v0.20.2 h1:2W2YHM2DB/5K8FD3H8fykM+Tt4Mz+J7YHPdOq6ZqHKM=
github.com/go-openapi/jsonreference v0.20.2/go.mod h1:1TsykGRMhY8n3x1xREmNJ8e4Ol1Fcz/bTk1Xtxg4h30=
github.com/go-openapi/swag v0.23.0 h1:ws+/FxHT5Tm6N8DNldjEpxGQcPLtd2+JpZBG4bFEuBI=
github.com/go-openapi/swag v0.23.0/go.mod h1:ceMuFdep8X4yGZlWI2zznqr6Q8Rq3L3zoYiZ2T1uJUU=
github.com/gogo/protobuf v1.3.2 h1:Ov1cvc58UFV1XJ7spkE5G5X+MBk5uh6L+XKV5aW2GJs=
github.com/gogo/protobuf v1.3.2/go.mod h1:SlYgWuQ5Rj/oujcUae0K2YKmeSiG8y/PGJzvy5UyC0I=
github.com/google/gnostic-models v0.6.9 h1:rl10dKLFb2Wzp2+a2I/wLLZmty7b4BcfbqyJ9X0VMoA=
github.com/google/gnostic-models v0.6.9/go.mod h1:So4M9/XJQFW57yWpRbQEkHvU2GlH1BM5SgmoZfl3Eeo=
github.com/google/go-cmp v0.7.0 h1:inf/qWECVTVE1Tu2iD2V2Gr/ZHq0XV主角w8uJHLv7iI=
github.com/google/go-cmp v0.7.0/go.mod h1:oBZF7M4S6NYiMZhMsV7UcSt6x/LKotV3bkKVMHwc2Y=
github.com/google/uuid v1.6.0 h1:NIvaJDMOsjHA8n1jAhLSgzrAzy1Hgr+hNrb57e+94F0=
github.com/google/uuid v1.6.0/go.mod h1:TIyPZe4MgqvfeYDBFedMoGGpEw/LqOeaOT+nhxU+yHo=
github.com/josharian/intern v1.0.0 h1:vlS4zNWjKLrJ55cc1UU1bXC0ynqhj2Aih9QJl2hzk6A=
github.com/josharian/intern v1.0.0/go.mod h1:5DojVA2sSr8csT8F3vYi3wzdtMcdezA4cOlBkoYxW0=
github.com/json-iterator/go v1.1.12 h1:PV8peI4a0ysnczrg+LtxykD8LfKY9ML6u2jnxaenrnMc=
github.com/json-iterator/go v1.1.12/go.mod h1:e30LSqwooZae/UwlEbR2852Gd8hjQvJoHmT4TnhNGBo=
github.com/mailru/easyjson v0.7.7 h1:UGYAvKxe3sBsEDzO8ZeWIHlNppbT1+Y5tTD6T0wvR0tI=
github.com/mailru/easyjson v0.7.7/go.mod h1:xUzM/+H4p3CPfCDU1gJ6wnfawFh7t2lMuHlJnPExXbA=
github.com/modern-go/concurrent v0.0.0-20180306012644-bacd9c7ef1dd h1:TRLaZ9cD/w8PVh93nsPXa1VrQ6jlwL5oN8l14QlcNfg=
github.com/modern-go/concurrent v0.0.0-20180306012644-bacd9c7ef1dd/go.mod h1:6dJC0mAP4ikYIbvyc7fijjWJddQyLn8Ig3JB5CqoB9Q=
github.com/modern-go/reflect2 v1.0.2 h1:xBagoLtFs94CBntxluKeaWgTMpvLxC4ur3nMaC9Gz0M=
github.com/modern-go/reflect2 v1.0.2/go.mod h1:yWuevngMOJpCy52FWWMvUC8ws7m/LJsjYzDa0/r8luk=
github.com/munnerz/goautoneg v0.0.0-20191010083416-a7dc8b61c822 h1:7DzYnkulWdUVF1+g6c4zesRqdWVjNRzwzJ6I55tcSj8=
github.com/munnerz/goautoneg v0.0.0-20191010083416-a7dc8b61c822/go.mod h1:cdGDpM0kclyjB3tGQmp2+KdxdFqqLN方3Oh5wAv4O0A=
github.com/pkg/errors v0.9.1 h1:FEBLx1zS214owpjy7qsBeixbURkuhQAwrK5UwLGTwt4=
github.com/pkg/errors v0.9.1/go.mod h1:bwawxfHBFNV+L2hUp1rHADufV3IMtnDRdf1r5NINEl0=
github.com/spf13/pflag v1.0.5 h1:iy+VFUOCP1a+8yFto/drg2CJ5t0tbpoY23YhXYccLbE=
github.com/spf13/pflag v1.0.5/go.mod h1:McMxIn/unPyUmKJcL6awjjd56DbzSsAafZ3M/1Grjbw=
github.com/x448/float16 v0.8.4 h1:5D3Dw+SgixVStrafshY7FkeJHCArP8xHMFjhOfoG4m0=
github.com/x448/float16 v0.8.4/go.mod h1:1qDrptRDAJR甚2p1D2jsvNLFXI1nvA5nLD6HJanyGBlA=
golang.org/x/net v0.38.0 h1:mvT4l5b8z3HVW2eXCn2aB6vzNkO71M2GGqjCT/j6jKE=
golang.org/x/net v0.38.0/go.mod h1:RUn/AWcbZ7hLr6uwdGOnBYDa8P43xPNg9W5sP4u4F9M=
golang.org/x/oauth2 v0.27.0 h1:hWr8Dj6jt9CMm6LOB1NlJg9dUVTPuZL1PlfLu5JFt/E=
golang.org/x/oauth2 v0.27.0/go.mod h1:J1DcldwjDzLhhMIlElGjLxdCDZy1W3zSJl5uk4LmL3E=
golang.org/x/sys v0.31.0 h1:ioEf4lgPc1L/A5QGTeGzl1qUw81JBjZCPP6YB7fMGrk=
golang.org/x/sys v0.31.0/go.mod h1:KSvZLARVsN6Cp9keDqnpLC83AqRtr8zPvZ/8fjyOKPU=
golang.org/x/term v0.30.0 h1:WMUVa1g43nT78X64H/9twDYTlILpN0z9lzp/qTl+V+E=
golang.org/x/term v0.30.0/go.mod h1XvC88jYZV6Lyfz0XIVSX1gvNWq8J5E0wN/Ww3cBi7g=
golang.org/x/text v0.23.0 h1:F3DaxMlWEYSER8o5K1SmJSjOCxGo2GCX5O75v6v65Kc=
golang.org/x/text v0.23.0/go.mod h1:RV3KKU4GI6znCopqUM0xTcnA3X5W5qYXU0I+0B1qLWI=
golang.org/x/time v0.9.0 h1:vE5P5cLB8SDX1u4OcaL5qDY+L6CvRmy12Rj5TBuKP1U=
golang.org/x/time v0.9.0/go.mod h1:3BpzKBy/shNhVucY/MWOyx10tF3SFh9QdLuxbVysPQM=
google.golang.org/protobuf v1.36.5 h1:tGh0jzP59FBfTgLtW3h4mKjJ7T7TG3POlCsiBdCKJ6U=
google.golang.org/protobuf v1.36.5/go.mod h1:9fA8otjHhl6c0g6J4P3jq7PTTQmjZaB5WnZbW6JyLU8=
gopkg.in/evanphx/json-patch.v4 v4.12.0 h1:nG9XKTF+4qX8L5JqJ1M0J3VS5lAh8q67fzWLLb3W7c=
gopkg.in/evanphx/json-patch.v4 v4.12.0/go.mod h1:NA2s2qFMJdFm切oI3IbP1k0iyB3zvI5p95fcPL5X0hc=
gopkg.in/inf.v0 v0.9.1 h1:8FEjg3FGalibs+h/k1r1qBXfW9MWKbBJrQjzPrlPGfo=
gopkg.in/inf.v0 v0.9.1/go.mod h1:wHWkESJ6G56oKgV8VrT4a2++3KWjEtS2qEN3WOfbsA=
gopkg.in/yaml.v3 v3.0.1 h1:fxVm/GzAzEWqLHuvctI91KS9hhNmmWOoWu0XTYJS7CA=
gopkg.in/yaml.v3 v3.0.1/go.mod h1:K4uyk7z7BCEPqu6E+C64Yfv1cQ7kz7rIZviUmN+EgEM=
k8s.io/klog/v2 v2.130.1 h1:n9wYaGhlflEIYXqbwB2Y6LYlpjKuGpa4SIkBgpG2W4w=
k8s.io/klog/v2 v2.130.1/go.mod h1:OrzTuhKQEDAj0u+o3cLu7Jb38u1Q4y3FBVxmD3CnlI0=
k8s.io/kube-openapi v0.0.0-20250318190949-c8a335a9a2ff h1:Go3n1Z3apK5sNzhwT4PgG1GYdH2GDn6cqYnq7R4Hn6M=
k8s.io/kube-openapi v0.0.0-20250318190949-c8a335a9a2ff/go.mod h1:i9RNa3z2wJZbY9DeryZ4xpy1cxQ3X0Vv7F9vOJK2T5U=
k8s.io/utils v0.0.0-20241104100929-3ea5e8cea738 h1:qYvxR1fVA3LAO7hXTJ9z0vKLDoKEF6BM5sQo5LgD1sA=
k8s.io/utils v0.0.0-20241104100929-3ea5e8cea738/go.mod h1:xR4uOM74ycGA3uZZGcaG9UJMMqcfMh2nB3MVtwvwtO8=
sigs.k8s.io/json v0.0.0-20241010143419-9aa6b5e7a4b3 h1:7bSSWnE8+vR8MKvEDE/sdSRN3aR1aULnBu1AHeV7sxs=
sigs.k8s.io/json v0.0.0-20241010143419-9aa6b5e7a4b3/go.mod h1:berUVQSBPM9LqFcFE8MqJ/3t2tQKKr4BoTV0L0ydGAc=
sigs.k8s.io/randfill v1.0.0 h1:n5q1u0G1eV5l0sHD9X6j2lUVSzqVg4J3a3q3yK2hT3U=
sigs.k8s.io/randfill v1.0.0/go.mod h1:2rQjvess0XaLPHXJ5VPVvzrnFwj1gUe6PvvML6g+mIU=
sigs.k8s.io/structured-merge-diff/v4 v4.6.0 h1:2R3Y2aE8dLEx9x3z6/q9vJ5Qbv6dNc5vCiMbMnbPsgU=
sigs.k8s.io/structured-merge-diff/v4 v4.6.0/go.mod h1:qX8fGZqVKgV2XJFW0h+C3GLz7bkHCXWXJYSB4ZxIKkU=
sigs.k8s.io/yaml v1.4.0 h1:rhM0M4UAMuF5d05X5muIt1EEHFqTRcTNzK6s3aO1QBY=
sigs.k8s.io/yaml v1.4.0/go.mod h1:berUVQSBPM9LqFcFE8MqJ/3t2tQKKr4BoTV0L0ydGAc=